<?xml version="1.0" encoding="UTF-8" standalone="yes" ?>
<CodeBlocks_project_file>
	<FileVersion major="1" minor="6" />
	<Project>
		<Option title="sPCK" />
		<Option pch_mode="2" />
		<Option compiler="gcc" />
		<Option virtualFolders="Sources\;Headers\;" />
		<Build>
			<Target title="Debug">
				<Option output="..\bin\sPCK\sPCK_debug" prefix_auto="1" extension_auto="1" />
				<Option object_output="obj\Debug\" />
				<Option type="1" />
				<Option compiler="gcc" />
				<Option use_console_runner="0" />
				<Option parameters='-cp &quot;C:\Users\Ronny\Desktop\ec_patch&quot;' />
				<Option projectLinkerOptionsRelation="2" />
				<Compiler>
					<Add option="-Wall" />
					<Add option="-g" />
					<Add option="-D__WXDEBUG__" />
					<Add option="-DPW" />
					<Add directory="C:\wxDev-Suite\wxMSW-2.8.12\lib\gcc_lib\mswud" />
				</Compiler>
				<ResourceCompiler>
					<Add directory="C:\wxDev-Suite\wxMSW-2.8.12\lib\gcc_lib\mswud" />
				</ResourceCompiler>
				<Linker>
					<Add library="libwxmsw28ud.a" />
					<Add library="libwxpngd.a" />
					<Add library="libwxjpegd.a" />
					<Add library="libwxtiffd.a" />
					<Add library="libwxzlibd.a" />
					<Add directory="C:\wxDev-Suite\wxMSW-2.8.12\lib\gcc_lib" />
				</Linker>
			</Target>
			<Target title="Release PW">
				<Option output="..\bin\sPCK\pwPCK" prefix_auto="1" extension_auto="1" />
				<Option object_output="obj\Release\" />
				<Option type="1" />
				<Option compiler="gcc" />
				<Option use_console_runner="0" />
				<Option projectLinkerOptionsRelation="2" />
				<Compiler>
					<Add option="-fexpensive-optimizations" />
					<Add option="-Os" />
					<Add option="-O3" />
					<Add option="-DPW" />
					<Add directory="C:\wxDev-Suite\wxMSW-2.8.12\lib\gcc_lib\mswu" />
				</Compiler>
				<ResourceCompiler>
					<Add directory="C:\wxDev-Suite\wxMSW-2.8.12\lib\gcc_lib\mswu" />
				</ResourceCompiler>
				<Linker>
					<Add option="-s" />
					<Add library="libwxmsw28u.a" />
					<Add library="libwxpng.a" />
					<Add library="libwxjpeg.a" />
					<Add library="libwxtiff.a" />
					<Add library="libwxzlib.a" />
					<Add directory="C:\wxDev-Suite\wxMSW-2.8.12\lib\gcc_lib" />
				</Linker>
			</Target>
			<Target title="Release FW">
				<Option output="..\bin\sPCK\fwPCK" prefix_auto="1" extension_auto="1" />
				<Option object_output="obj\Release\" />
				<Option type="1" />
				<Option compiler="gcc" />
				<Option use_console_runner="0" />
				<Option projectLinkerOptionsRelation="2" />
				<Compiler>
					<Add option="-fexpensive-optimizations" />
					<Add option="-Os" />
					<Add option="-O3" />
					<Add option="-DFW" />
					<Add directory="C:\wxDev-Suite\wxMSW-2.8.12\lib\gcc_lib\mswu" />
				</Compiler>
				<ResourceCompiler>
					<Add directory="C:\wxDev-Suite\wxMSW-2.8.12\lib\gcc_lib\mswu" />
				</ResourceCompiler>
				<Linker>
					<Add option="-s" />
					<Add library="libwxmsw28u.a" />
					<Add library="libwxpng.a" />
					<Add library="libwxjpeg.a" />
					<Add library="libwxtiff.a" />
					<Add library="libwxzlib.a" />
					<Add directory="C:\wxDev-Suite\wxMSW-2.8.12\lib\gcc_lib" />
				</Linker>
			</Target>
			<Target title="Release ESO">
				<Option output="..\bin\sPCK\esoPCK" prefix_auto="1" extension_auto="1" />
				<Option object_output="obj\Release\" />
				<Option type="1" />
				<Option compiler="gcc" />
				<Option use_console_runner="0" />
				<Option projectLinkerOptionsRelation="2" />
				<Compiler>
					<Add option="-fexpensive-optimizations" />
					<Add option="-Os" />
					<Add option="-O3" />
					<Add option="-DESO" />
					<Add directory="C:\wxDev-Suite\wxMSW-2.8.12\lib\gcc_lib\mswu" />
				</Compiler>
				<ResourceCompiler>
					<Add directory="C:\wxDev-Suite\wxMSW-2.8.12\lib\gcc_lib\mswu" />
				</ResourceCompiler>
				<Linker>
					<Add option="-s" />
					<Add library="libwxmsw28u.a" />
					<Add library="libwxpng.a" />
					<Add library="libwxjpeg.a" />
					<Add library="libwxtiff.a" />
					<Add library="libwxzlib.a" />
					<Add directory="C:\wxDev-Suite\wxMSW-2.8.12\lib\gcc_lib" />
				</Linker>
			</Target>
			<Target title="Release RWPD">
				<Option output="..\bin\sPCK\rwpdPCK" prefix_auto="1" extension_auto="1" />
				<Option object_output="obj\Release\" />
				<Option type="1" />
				<Option compiler="gcc" />
				<Option use_console_runner="0" />
				<Option projectLinkerOptionsRelation="2" />
				<Compiler>
					<Add option="-fexpensive-optimizations" />
					<Add option="-Os" />
					<Add option="-O3" />
					<Add option="-DRWPD" />
					<Add directory="C:\wxDev-Suite\wxMSW-2.8.12\lib\gcc_lib\mswu" />
				</Compiler>
				<ResourceCompiler>
					<Add directory="C:\wxDev-Suite\wxMSW-2.8.12\lib\gcc_lib\mswu" />
				</ResourceCompiler>
				<Linker>
					<Add option="-s" />
					<Add library="libwxmsw28u.a" />
					<Add library="libwxpng.a" />
					<Add library="libwxjpeg.a" />
					<Add library="libwxtiff.a" />
					<Add library="libwxzlib.a" />
					<Add directory="C:\wxDev-Suite\wxMSW-2.8.12\lib\gcc_lib" />
				</Linker>
			</Target>
		</Build>
		<Compiler>
			<Add option="-pipe" />
			<Add option="-mthreads" />
			<Add option='[[if (PLATFORM == PLATFORM_MSW &amp;&amp; (GetCompilerFactory().GetCompilerVersionString(_T(&quot;gcc&quot;)) &gt;= _T(&quot;4.0.0&quot;))) print(_T(&quot;-Wno-attributes&quot;));]]' />
			<Add option="-D__GNUWIN32__" />
			<Add option="-D__WXMSW__" />
			<Add option="-DwxUSE_UNICODE" />
			<Add directory="C:\wxDev-Suite\wxMSW-2.8.12\include" />
			<Add directory="C:\wxDev-Suite\wxMSW-2.8.12\contrib\include" />
		</Compiler>
		<ResourceCompiler>
			<Add directory="C:\wxDev-Suite\wxMSW-2.8.12\include" />
		</ResourceCompiler>
		<Linker>
			<Add option="-static-libgcc" />
			<Add option="-static-libstdc++" />
			<Add option="--enable-auto-import" />
			<Add library="libkernel32.a" />
			<Add library="libuser32.a" />
			<Add library="libgdi32.a" />
			<Add library="libwinspool.a" />
			<Add library="libcomdlg32.a" />
			<Add library="libadvapi32.a" />
			<Add library="libshell32.a" />
			<Add library="libole32.a" />
			<Add library="liboleaut32.a" />
			<Add library="libuuid.a" />
			<Add library="libcomctl32.a" />
			<Add library="libwsock32.a" />
			<Add library="libodbc32.a" />
		</Linker>
		<Unit filename="base64.cpp" />
		<Unit filename="base64.h" />
		<Unit filename="main.cpp" />
		<Unit filename="main.h" />
		<Unit filename="wxTraverser.cpp" />
		<Unit filename="wxTraverser.h" />
		<Extensions>
			<code_completion />
			<debugger />
			<envvars />
		</Extensions>
	</Project>
</CodeBlocks_project_file>
